
Microsoft Visual Studio Solution File, Format Version 12.00
# Visual Studio 2013
VisualStudioVersion = 12.0.21005.1
MinimumVisualStudioVersion = 10.0.40219.1
Project("{FAE04EC0-301F-11D3-BF4B-00C04F79EFBC}") = "MvcDemoApplication.web", "MvcDemoApplication.web\MvcDemoApplication.web.csproj", "{5E8FA767-01AB-46E3-BEC9-2A5AEA1C3070}"
EndProject
Project("{FAE04EC0-301F-11D3-BF4B-00C04F79EFBC}") = "MvcDemoApplication.Data", "MvcDemoApplication.Data\MvcDemoApplication.Data.csproj", "{0DD0D73E-EFC5-4397-9D02-A47874E8BD74}"
EndProject
Project("{FAE04EC0-301F-11D3-BF4B-00C04F79EFBC}") = "MvcDemoApplication.Service", "MvcDemoApplication.Service\MvcDemoApplication.Service.csproj", "{A604E515-BB1D-4363-BB46-484DB2B564EA}"
EndProject
Project("{FAE04EC0-301F-11D3-BF4B-00C04F79EFBC}") = "MvcDemoApplication.Model", "MvcDemoApplication.Model\MvcDemoApplication.Model.csproj", "{B99F6DEE-4D48-45D7-B206-C11C7E995FDA}"
EndProject
Project("{FAE04EC0-301F-11D3-BF4B-00C04F79EFBC}") = "MvcDemoApplication.Test", "MvcDemoApplication.Test\MvcDemoApplication.Test.csproj", "{9DB1DFFD-E935-4D83-9C2C-2E4861E4F07B}"
EndProject
Global
	GlobalSection(SolutionConfigurationPlatforms) = preSolution
		Debug|Any CPU = Debug|Any CPU
		Release|Any CPU = Release|Any CPU
	EndGlobalSection
	GlobalSection(ProjectConfigurationPlatforms) = postSolution
		{5E8FA767-01AB-46E3-BEC9-2A5AEA1C3070}.Debug|Any CPU.ActiveCfg = Debug|Any CPU
		{5E8FA767-01AB-46E3-BEC9-2A5AEA1C3070}.Debug|Any CPU.Build.0 = Debug|Any CPU
		{5E8FA767-01AB-46E3-BEC9-2A5AEA1C3070}.Release|Any CPU.ActiveCfg = Release|Any CPU
		{5E8FA767-01AB-46E3-BEC9-2A5AEA1C3070}.Release|Any CPU.Build.0 = Release|Any CPU
		{0DD0D73E-EFC5-4397-9D02-A47874E8BD74}.Debug|Any CPU.ActiveCfg = Debug|Any CPU
		{0DD0D73E-EFC5-4397-9D02-A47874E8BD74}.Debug|Any CPU.Build.0 = Debug|Any CPU
		{0DD0D73E-EFC5-4397-9D02-A47874E8BD74}.Release|Any CPU.ActiveCfg = Release|Any CPU
		{0DD0D73E-EFC5-4397-9D02-A47874E8BD74}.Release|Any CPU.Build.0 = Release|Any CPU
		{A604E515-BB1D-4363-BB46-484DB2B564EA}.Debug|Any CPU.ActiveCfg = Debug|Any CPU
		{A604E515-BB1D-4363-BB46-484DB2B564EA}.Debug|Any CPU.Build.0 = Debug|Any CPU
		{A604E515-BB1D-4363-BB46-484DB2B564EA}.Release|Any CPU.ActiveCfg = Release|Any CPU
		{A604E515-BB1D-4363-BB46-484DB2B564EA}.Release|Any CPU.Build.0 = Release|Any CPU
		{B99F6DEE-4D48-45D7-B206-C11C7E995FDA}.Debug|Any CPU.ActiveCfg = Debug|Any CPU
		{B99F6DEE-4D48-45D7-B206-C11C7E995FDA}.Debug|Any CPU.Build.0 = Debug|Any CPU
		{B99F6DEE-4D48-45D7-B206-C11C7E995FDA}.Release|Any CPU.ActiveCfg = Release|Any CPU
		{B99F6DEE-4D48-45D7-B206-C11C7E995FDA}.Release|Any CPU.Build.0 = Release|Any CPU
		{9DB1DFFD-E935-4D83-9C2C-2E4861E4F07B}.Debug|Any CPU.ActiveCfg = Debug|Any CPU
		{9DB1DFFD-E935-4D83-9C2C-2E4861E4F07B}.Debug|Any CPU.Build.0 = Debug|Any CPU
		{9DB1DFFD-E935-4D83-9C2C-2E4861E4F07B}.Release|Any CPU.ActiveCfg = Release|Any CPU
		{9DB1DFFD-E935-4D83-9C2C-2E4861E4F07B}.Release|Any CPU.Build.0 = Release|Any CPU
	EndGlobalSection
	GlobalSection(SolutionProperties) = preSolution
		HideSolutionNode = FALSE
	EndGlobalSection
EndGlobal
